
Microsoft Visual Studio Solution File, Format Version 12.00
# Visual Studio Version 16
VisualStudioVersion = 16.0.30114.105
MinimumVisualStudioVersion = 10.0.40219.1
Project("{FAE04EC0-301F-11D3-BF4B-00C04F79EFBC}") = "API", "API\API.csproj", "{ED30C36C-DA24-4638-B5F9-D8ED7E4D9CDD}"
EndProject
Project("{FAE04EC0-301F-11D3-BF4B-00C04F79EFBC}") = "Core", "Core\Core.csproj", "{A3B49874-9EFF-4AF6-BA0A-BFFE4B668650}"
EndProject
Project("{FAE04EC0-301F-11D3-BF4B-00C04F79EFBC}") = "Infrastructure", "Infrastructure\Infrastructure.csproj", "{CE42E700-F15E-4862-9B7C-B80F2661E259}"
EndProject
Global
	GlobalSection(SolutionConfigurationPlatforms) = preSolution
		Debug|Any CPU = Debug|Any CPU
		Debug|x64 = Debug|x64
		Debug|x86 = Debug|x86
		Release|Any CPU = Release|Any CPU
		Release|x64 = Release|x64
		Release|x86 = Release|x86
	EndGlobalSection
	GlobalSection(SolutionProperties) = preSolution
		HideSolutionNode = FALSE
	EndGlobalSection
	GlobalSection(ProjectConfigurationPlatforms) = postSolution
		{ED30C36C-DA24-4638-B5F9-D8ED7E4D9CDD}.Debug|Any CPU.ActiveCfg = Debug|Any CPU
		{ED30C36C-DA24-4638-B5F9-D8ED7E4D9CDD}.Debug|Any CPU.Build.0 = Debug|Any CPU
		{ED30C36C-DA24-4638-B5F9-D8ED7E4D9CDD}.Debug|x64.ActiveCfg = Debug|Any CPU
		{ED30C36C-DA24-4638-B5F9-D8ED7E4D9CDD}.Debug|x64.Build.0 = Debug|Any CPU
		{ED30C36C-DA24-4638-B5F9-D8ED7E4D9CDD}.Debug|x86.ActiveCfg = Debug|Any CPU
		{ED30C36C-DA24-4638-B5F9-D8ED7E4D9CDD}.Debug|x86.Build.0 = Debug|Any CPU
		{ED30C36C-DA24-4638-B5F9-D8ED7E4D9CDD}.Release|Any CPU.ActiveCfg = Release|Any CPU
		{ED30C36C-DA24-4638-B5F9-D8ED7E4D9CDD}.Release|Any CPU.Build.0 = Release|Any CPU
		{ED30C36C-DA24-4638-B5F9-D8ED7E4D9CDD}.Release|x64.ActiveCfg = Release|Any CPU
		{ED30C36C-DA24-4638-B5F9-D8ED7E4D9CDD}.Release|x64.Build.0 = Release|Any CPU
		{ED30C36C-DA24-4638-B5F9-D8ED7E4D9CDD}.Release|x86.ActiveCfg = Release|Any CPU
		{ED30C36C-DA24-4638-B5F9-D8ED7E4D9CDD}.Release|x86.Build.0 = Release|Any CPU
		{A3B49874-9EFF-4AF6-BA0A-BFFE4B668650}.Debug|Any CPU.ActiveCfg = Debug|Any CPU
		{A3B49874-9EFF-4AF6-BA0A-BFFE4B668650}.Debug|Any CPU.Build.0 = Debug|Any CPU
		{A3B49874-9EFF-4AF6-BA0A-BFFE4B668650}.Debug|x64.ActiveCfg = Debug|Any CPU
		{A3B49874-9EFF-4AF6-BA0A-BFFE4B668650}.Debug|x64.Build.0 = Debug|Any CPU
		{A3B49874-9EFF-4AF6-BA0A-BFFE4B668650}.Debug|x86.ActiveCfg = Debug|Any CPU
		{A3B49874-9EFF-4AF6-BA0A-BFFE4B668650}.Debug|x86.Build.0 = Debug|Any CPU
		{A3B49874-9EFF-4AF6-BA0A-BFFE4B668650}.Release|Any CPU.ActiveCfg = Release|Any CPU
		{A3B49874-9EFF-4AF6-BA0A-BFFE4B668650}.Release|Any CPU.Build.0 = Release|Any CPU
		{A3B49874-9EFF-4AF6-BA0A-BFFE4B668650}.Release|x64.ActiveCfg = Release|Any CPU
		{A3B49874-9EFF-4AF6-BA0A-BFFE4B668650}.Release|x64.Build.0 = Release|Any CPU
		{A3B49874-9EFF-4AF6-BA0A-BFFE4B668650}.Release|x86.ActiveCfg = Release|Any CPU
		{A3B49874-9EFF-4AF6-BA0A-BFFE4B668650}.Release|x86.Build.0 = Release|Any CPU
		{CE42E700-F15E-4862-9B7C-B80F2661E259}.Debug|Any CPU.ActiveCfg = Debug|Any CPU
		{CE42E700-F15E-4862-9B7C-B80F2661E259}.Debug|Any CPU.Build.0 = Debug|Any CPU
		{CE42E700-F15E-4862-9B7C-B80F2661E259}.Debug|x64.ActiveCfg = Debug|Any CPU
		{CE42E700-F15E-4862-9B7C-B80F2661E259}.Debug|x64.Build.0 = Debug|Any CPU
		{CE42E700-F15E-4862-9B7C-B80F2661E259}.Debug|x86.ActiveCfg = Debug|Any CPU
		{CE42E700-F15E-4862-9B7C-B80F2661E259}.Debug|x86.Build.0 = Debug|Any CPU
		{CE42E700-F15E-4862-9B7C-B80F2661E259}.Release|Any CPU.ActiveCfg = Release|Any CPU
		{CE42E700-F15E-4862-9B7C-B80F2661E259}.Release|Any CPU.Build.0 = Release|Any CPU
		{CE42E700-F15E-4862-9B7C-B80F2661E259}.Release|x64.ActiveCfg = Release|Any CPU
		{CE42E700-F15E-4862-9B7C-B80F2661E259}.Release|x64.Build.0 = Release|Any CPU
		{CE42E700-F15E-4862-9B7C-B80F2661E259}.Release|x86.ActiveCfg = Release|Any CPU
		{CE42E700-F15E-4862-9B7C-B80F2661E259}.Release|x86.Build.0 = Release|Any CPU
	EndGlobalSection
EndGlobal
